
Microsoft Visual Studio Solution File, Format Version 12.00
# Visual Studio Version 17
VisualStudioVersion = 17.6.33815.320
MinimumVisualStudioVersion = 10.0.40219.1
Project("{FAE04EC0-301F-11D3-BF4B-00C04F79EFBC}") = "DesignRuler", "DesignRuler\DesignRuler.csproj", "{CF06B75B-D08C-4961-80E6-C7CCD689703E}"
EndProject
Global
	GlobalSection(SolutionConfigurationPlatforms) = preSolution
		Debug|Any CPU = Debug|Any CPU
		Release|Any CPU = Release|Any CPU
	EndGlobalSection
	GlobalSection(ProjectConfigurationPlatforms) = postSolution
		{CF06B75B-D08C-4961-80E6-C7CCD689703E}.Debug|Any CPU.ActiveCfg = Debug|Any CPU
		{CF06B75B-D08C-4961-80E6-C7CCD689703E}.Debug|Any CPU.Build.0 = Debug|Any CPU
		{CF06B75B-D08C-4961-80E6-C7CCD689703E}.Release|Any CPU.ActiveCfg = Release|Any CPU
		{CF06B75B-D08C-4961-80E6-C7CCD689703E}.Release|Any CPU.Build.0 = Release|Any CPU
	EndGlobalSection
	GlobalSection(SolutionProperties) = preSolution
		HideSolutionNode = FALSE
	EndGlobalSection
	GlobalSection(ExtensibilityGlobals) = postSolution
		SolutionGuid = {4670ED35-C0E2-48D4-A251-FF439AA4C5BC}
	EndGlobalSection
EndGlobal
